Microsoft Visual Studio Solution File, Format Version 12.00
# Visual Studio Version 17
VisualStudioVersion = 17.5.2.0
MinimumVisualStudioVersion = 10.0.40219.1
Project("{FAE04EC0-301F-11D3-BF4B-00C04F79EFBC}") = "Pioche", "Pioche\Pioche.csproj", "{68EEA268-BDC0-816F-4194-CA40E256B184}"
EndProject
Global
	GlobalSection(SolutionConfigurationPlatforms) = preSolution
		Debug|Any CPU = Debug|Any CPU
		Release|Any CPU = Release|Any CPU
	EndGlobalSection
	GlobalSection(ProjectConfigurationPlatforms) = postSolution
		{68EEA268-BDC0-816F-4194-CA40E256B184}.Debug|Any CPU.ActiveCfg = Debug|Any CPU
		{68EEA268-BDC0-816F-4194-CA40E256B184}.Debug|Any CPU.Build.0 = Debug|Any CPU
		{68EEA268-BDC0-816F-4194-CA40E256B184}.Release|Any CPU.ActiveCfg = Release|Any CPU
		{68EEA268-BDC0-816F-4194-CA40E256B184}.Release|Any CPU.Build.0 = Release|Any CPU
	EndGlobalSection
	GlobalSection(SolutionProperties) = preSolution
		HideSolutionNode = FALSE
	EndGlobalSection
	GlobalSection(ExtensibilityGlobals) = postSolution
		SolutionGuid = {2F440BC9-2105-4CA8-99B1-301625D60C07}
	EndGlobalSection
EndGlobal
